
Microsoft Visual Studio Solution File, Format Version 12.00
# Visual Studio Version 16
VisualStudioVersion = 16.0.30804.86
MinimumVisualStudioVersion = 10.0.40219.1
Project("{FAE04EC0-301F-11D3-BF4B-00C04F79EFBC}") = "LibraryServer", "LibraryServer\LibraryServer.csproj", "{56B29B85-AB3F-43F9-A5E9-131E4295F936}"
EndProject
Project("{FAE04EC0-301F-11D3-BF4B-00C04F79EFBC}") = "LibraryCommon", "LibraryCommon\LibraryCommon.csproj", "{8709B626-9FEA-4703-819A-88BA0D172879}"
EndProject
Project("{FAE04EC0-301F-11D3-BF4B-00C04F79EFBC}") = "LibraryDAL", "LibraryDAL\LibraryDAL.csproj", "{1F8719C6-5D66-43F0-A7BD-91649EC322EA}"
EndProject
Global
	GlobalSection(SolutionConfigurationPlatforms) = preSolution
		Debug|Any CPU = Debug|Any CPU
		Release|Any CPU = Release|Any CPU
	EndGlobalSection
	GlobalSection(ProjectConfigurationPlatforms) = postSolution
		{56B29B85-AB3F-43F9-A5E9-131E4295F936}.Debug|Any CPU.ActiveCfg = Debug|Any CPU
		{56B29B85-AB3F-43F9-A5E9-131E4295F936}.Debug|Any CPU.Build.0 = Debug|Any CPU
		{56B29B85-AB3F-43F9-A5E9-131E4295F936}.Release|Any CPU.ActiveCfg = Release|Any CPU
		{56B29B85-AB3F-43F9-A5E9-131E4295F936}.Release|Any CPU.Build.0 = Release|Any CPU
		{8709B626-9FEA-4703-819A-88BA0D172879}.Debug|Any CPU.ActiveCfg = Debug|Any CPU
		{8709B626-9FEA-4703-819A-88BA0D172879}.Debug|Any CPU.Build.0 = Debug|Any CPU
		{8709B626-9FEA-4703-819A-88BA0D172879}.Release|Any CPU.ActiveCfg = Release|Any CPU
		{8709B626-9FEA-4703-819A-88BA0D172879}.Release|Any CPU.Build.0 = Release|Any CPU
		{1F8719C6-5D66-43F0-A7BD-91649EC322EA}.Debug|Any CPU.ActiveCfg = Debug|Any CPU
		{1F8719C6-5D66-43F0-A7BD-91649EC322EA}.Debug|Any CPU.Build.0 = Debug|Any CPU
		{1F8719C6-5D66-43F0-A7BD-91649EC322EA}.Release|Any CPU.ActiveCfg = Release|Any CPU
		{1F8719C6-5D66-43F0-A7BD-91649EC322EA}.Release|Any CPU.Build.0 = Release|Any CPU
	EndGlobalSection
	GlobalSection(SolutionProperties) = preSolution
		HideSolutionNode = FALSE
	EndGlobalSection
	GlobalSection(ExtensibilityGlobals) = postSolution
		SolutionGuid = {75DFE96E-A987-4F9D-AC58-9D74F494983C}
	EndGlobalSection
EndGlobal
